{
  "name": "@myproject/shared",
  "version": "1.0.0",
  "lockfileVersion": 3,
  "requires": true,
  "packages": {
    "": {
      "name": "@myproject/shared",
      "version": "1.0.0",
      "dependencies": {
        "@myproject/shared": "file:../shared"
      }
    },
    "node_modules/@myproject/shared": {
      "resolved": "",
      "link": true
    }
  }
}
